
Microsoft Visual Studio Solution File, Format Version 12.00
# Visual Studio Version 16
VisualStudioVersion = 16.0.32630.194
MinimumVisualStudioVersion = 10.0.40219.1
Project("{FAE04EC0-301F-11D3-BF4B-00C04F79EFBC}") = "Health Matters", "Health Matters.csproj", "{57F871F6-C180-4FD1-9BC6-8CE82E9F9D10}"
EndProject
Global
	GlobalSection(SolutionConfigurationPlatforms) = preSolution
		Debug|Any CPU = Debug|Any CPU
		Release|Any CPU = Release|Any CPU
	EndGlobalSection
	GlobalSection(ProjectConfigurationPlatforms) = postSolution
		{57F871F6-C180-4FD1-9BC6-8CE82E9F9D10}.Debug|Any CPU.ActiveCfg = Debug|Any CPU
		{57F871F6-C180-4FD1-9BC6-8CE82E9F9D10}.Debug|Any CPU.Build.0 = Debug|Any CPU
		{57F871F6-C180-4FD1-9BC6-8CE82E9F9D10}.Release|Any CPU.ActiveCfg = Release|Any CPU
		{57F871F6-C180-4FD1-9BC6-8CE82E9F9D10}.Release|Any CPU.Build.0 = Release|Any CPU
	EndGlobalSection
	GlobalSection(SolutionProperties) = preSolution
		HideSolutionNode = FALSE
	EndGlobalSection
	GlobalSection(ExtensibilityGlobals) = postSolution
		SolutionGuid = {10AA584E-BD7C-48F2-AE69-B5EDE0A0EE04}
	EndGlobalSection
EndGlobal
